// !$*UTF8*$!
{
	archiveVersion = 1;
	classes = {
	};
	objectVersion = 54;
	objects = {

/* Begin PBXBuildFile section */
		0231297C20F9F8CF003F7540 /* ACConnectionManager.m in Sources */ = {isa = PBXBuildFile; fileRef = 0231297A20F9F8CE003F7540 /* ACConnectionManager.m */; };
		024D8FCE2BC1DE38005BF977 /* ACPreferencesGeneralView.xib in Resources */ = {isa = PBXBuildFile; fileRef = 024D8FCA2BC1DE38005BF977 /* ACPreferencesGeneralView.xib */; };
		024D8FCF2BC1DE38005BF977 /* ACPreferencesWindow.xib in Resources */ = {isa = PBXBuildFile; fileRef = 024D8FCC2BC1DE38005BF977 /* ACPreferencesWindow.xib */; };
		024D8FD62BC1DF32005BF977 /* ACPreferencesGeneralViewController.m in Sources */ = {isa = PBXBuildFile; fileRef = 024D8FD12BC1DF32005BF977 /* ACPreferencesGeneralViewController.m */; };
		024D8FD72BC1DF32005BF977 /* ACPreferencesWindowController.m in Sources */ = {isa = PBXBuildFile; fileRef = 024D8FD32BC1DF32005BF977 /* ACPreferencesWindowController.m */; };
		024D8FDA2BC1E6FC005BF977 /* ACPreferencesAboutViewController.m in Sources */ = {isa = PBXBuildFile; fileRef = 024D8FD92BC1E6FC005BF977 /* ACPreferencesAboutViewController.m */; };
		024D8FDD2BC1E719005BF977 /* ACPreferencesAboutView.xib in Resources */ = {isa = PBXBuildFile; fileRef = 024D8FDB2BC1E719005BF977 /* ACPreferencesAboutView.xib */; };
		024D8FE12BC50D28005BF977 /* NSBundle+ACAppInfo.m in Sources */ = {isa = PBXBuildFile; fileRef = 024D8FDF2BC50D28005BF977 /* NSBundle+ACAppInfo.m */; };
		024D8FE42BC51118005BF977 /* ACCrossPromotionWindow.xib in Resources */ = {isa = PBXBuildFile; fileRef = 024D8FE22BC51118005BF977 /* ACCrossPromotionWindow.xib */; };
		024D8FE82BC5114A005BF977 /* ACCrossPromotionWindowController.m in Sources */ = {isa = PBXBuildFile; fileRef = 024D8FE62BC5114A005BF977 /* ACCrossPromotionWindowController.m */; };
		024D8FFF2BC5E2DC005BF977 /* UpdateManager.swift in Sources */ = {isa = PBXBuildFile; fileRef = 024D8FFE2BC5E2DC005BF977 /* UpdateManager.swift */; };
		024D90092BC71C04005BF977 /* GitHubReleaseTests.swift in Sources */ = {isa = PBXBuildFile; fileRef = 024D90082BC71C04005BF977 /* GitHubReleaseTests.swift */; };
		024D90112BC71EA4005BF977 /* GitHubRelease.swift in Sources */ = {isa = PBXBuildFile; fileRef = 024D90002BC71157005BF977 /* GitHubRelease.swift */; };
		024D90122BC72567005BF977 /* GitHubRelease.swift in Sources */ = {isa = PBXBuildFile; fileRef = 024D90002BC71157005BF977 /* GitHubRelease.swift */; };
		024D903C2BC7B230005BF977 /* ACCheckForUpdateView.swift in Sources */ = {isa = PBXBuildFile; fileRef = 024D903B2BC7B230005BF977 /* ACCheckForUpdateView.swift */; };
		024D903E2BC7B904005BF977 /* ACCheckForUpdateViewFactory.swift in Sources */ = {isa = PBXBuildFile; fileRef = 024D903D2BC7B904005BF977 /* ACCheckForUpdateViewFactory.swift */; };
		024D90552BC9AE8F005BF977 /* ACPreferencesIgnoredView.xib in Resources */ = {isa = PBXBuildFile; fileRef = 024D90532BC9AE8F005BF977 /* ACPreferencesIgnoredView.xib */; };
		024D90582BC9AEB2005BF977 /* ACPreferencesIgnoredViewController.m in Sources */ = {isa = PBXBuildFile; fileRef = 024D90572BC9AEB2005BF977 /* ACPreferencesIgnoredViewController.m */; };
		02619DE820F7DF2200099652 /* AppDelegate.m in Sources */ = {isa = PBXBuildFile; fileRef = 02619DE720F7DF2200099652 /* AppDelegate.m */; };
		02619DEA20F7DF2400099652 /* Assets.xcassets in Resources */ = {isa = PBXBuildFile; fileRef = 02619DE920F7DF2400099652 /* Assets.xcassets */; };
		02619DED20F7DF2400099652 /* MainMenu.xib in Resources */ = {isa = PBXBuildFile; fileRef = 02619DEB20F7DF2400099652 /* MainMenu.xib */; };
		02619DF020F7DF2400099652 /* main.m in Sources */ = {isa = PBXBuildFile; fileRef = 02619DEF20F7DF2400099652 /* main.m */; };
		02619DF620F7E23600099652 /* ACNEService.m in Sources */ = {isa = PBXBuildFile; fileRef = 02799F7C20F0081F00675162 /* ACNEService.m */; };
		02619DF720F7E23800099652 /* ACNEServicesManager.m in Sources */ = {isa = PBXBuildFile; fileRef = 02799F7E20F0081F00675162 /* ACNEServicesManager.m */; };
		02619DF820F7E24C00099652 /* NetworkExtension.framework in Frameworks */ = {isa = PBXBuildFile; fileRef = FA89042820EF8059008AA0BC /* NetworkExtension.framework */; };
		02619DF920F7E25700099652 /* SystemConfiguration.framework in Frameworks */ = {isa = PBXBuildFile; fileRef = FA53908320EF603B00BA9AF7 /* SystemConfiguration.framework */; };
		02619DFA20F7E25C00099652 /* AppKit.framework in Frameworks */ = {isa = PBXBuildFile; fileRef = FA53908120EF603700BA9AF7 /* AppKit.framework */; };
		02619DFB20F7E26E00099652 /* icon.icns in Resources */ = {isa = PBXBuildFile; fileRef = 0275703A20EFFBE0002C5BF8 /* icon.icns */; };
		02619DFF20F7F7BF00099652 /* ACPreferences.m in Sources */ = {isa = PBXBuildFile; fileRef = 02619DFD20F7F7BE00099652 /* ACPreferences.m */; };
		02799F8020F0081F00675162 /* ACNEService.m in Sources */ = {isa = PBXBuildFile; fileRef = 02799F7C20F0081F00675162 /* ACNEService.m */; };
		02799F8220F0081F00675162 /* ACNEServicesManager.m in Sources */ = {isa = PBXBuildFile; fileRef = 02799F7E20F0081F00675162 /* ACNEServicesManager.m */; };
		028DF1172AC7FA200084A822 /* ACLocationManager.m in Sources */ = {isa = PBXBuildFile; fileRef = 028DF1142AC7FA200084A822 /* ACLocationManager.m */; };
		02E9618129E92F3E00D1D506 /* ACPreferences.m in Sources */ = {isa = PBXBuildFile; fileRef = 02619DFD20F7F7BE00099652 /* ACPreferences.m */; };
		1CB38E6E9955E64DB21BDF46 /* VPNStatusMenuUITests.swift in Sources */ = {isa = PBXBuildFile; fileRef = 879015363EDEEB561D25CE10 /* VPNStatusMenuUITests.swift */; };
		9C8CF86A31FA1E621F50082B /* Cocoa.framework in Frameworks */ = {isa = PBXBuildFile; fileRef = 3D3643CDC303C919DFB238EC /* Cocoa.framework */; };
		A064771077363698F4A97525 /* ACMenuReconciler.m in Sources */ = {isa = PBXBuildFile; fileRef = 639366C1E89A8D678ECDC707 /* ACMenuReconciler.m */; };
		C9CBC4E727B5CDE000D25554 /* CoreWLAN.framework in Frameworks */ = {isa = PBXBuildFile; fileRef = C9CBC4E527B5CDCA00D25554 /* CoreWLAN.framework */; platformFilter = maccatalyst; };
		D2B14E39BBC6C4B38DEE2C06 /* ACMenuReconcilerTests.m in Sources */ = {isa = PBXBuildFile; fileRef = A699B7BABD7E0A3A14EA03DD /* ACMenuReconcilerTests.m */; };
		DB452101CBF912CD9BB9CCC0 /* ACMenuReconciler.m in Sources */ = {isa = PBXBuildFile; fileRef = 639366C1E89A8D678ECDC707 /* ACMenuReconciler.m */; };
/* End PBXBuildFile section */

/* Begin PBXContainerItemProxy section */
		024D900A2BC71C04005BF977 /* PBXContainerItemProxy */ = {
			isa = PBXContainerItemProxy;
			containerPortal = FA53906020EF5F7F00BA9AF7 /* Project object */;
			proxyType = 1;
			remoteGlobalIDString = 02619DE320F7DF2200099652;
			remoteInfo = VPNStatus;
		};
		8F942A5CFF7A5318EDFDD728 /* PBXContainerItemProxy */ = {
			isa = PBXContainerItemProxy;
			containerPortal = FA53906020EF5F7F00BA9AF7 /* Project object */;
			proxyType = 1;
			remoteGlobalIDString = 02619DE320F7DF2200099652;
			remoteInfo = VPNStatus;
		};
/* End PBXContainerItemProxy section */

/* Begin PBXFileReference section */
		0231297920F9F8CE003F7540 /* ACConnectionManager.h */ = {isa = PBXFileReference; fileEncoding = 4; lastKnownFileType = sourcecode.c.h; path = ACConnectionManager.h; sourceTree = "<group>"; };
		0231297A20F9F8CE003F7540 /* ACConnectionManager.m */ = {isa = PBXFileReference; fileEncoding = 4; lastKnownFileType = sourcecode.c.objc; path = ACConnectionManager.m; sourceTree = "<group>"; };
		024D8FCB2BC1DE38005BF977 /* Base */ = {isa = PBXFileReference; lastKnownFileType = file.xib; name = Base; path = Base.lproj/ACPreferencesGeneralView.xib; sourceTree = "<group>"; };
		024D8FCD2BC1DE38005BF977 /* Base */ = {isa = PBXFileReference; lastKnownFileType = file.xib; name = Base; path = Base.lproj/ACPreferencesWindow.xib; sourceTree = "<group>"; };
		024D8FD02BC1DF32005BF977 /* ACPreferencesGeneralViewController.h */ = {isa = PBXFileReference; fileEncoding = 4; lastKnownFileType = sourcecode.c.h; path = ACPreferencesGeneralViewController.h; sourceTree = "<group>"; };
		024D8FD12BC1DF32005BF977 /* ACPreferencesGeneralViewController.m */ = {isa = PBXFileReference; fileEncoding = 4; lastKnownFileType = sourcecode.c.objc; path = ACPreferencesGeneralViewController.m; sourceTree = "<group>"; };
		024D8FD22BC1DF32005BF977 /* ACPreferencesWindowController.h */ = {isa = PBXFileReference; fileEncoding = 4; lastKnownFileType = sourcecode.c.h; path = ACPreferencesWindowController.h; sourceTree = "<group>"; };
		024D8FD32BC1DF32005BF977 /* ACPreferencesWindowController.m */ = {isa = PBXFileReference; fileEncoding = 4; lastKnownFileType = sourcecode.c.objc; path = ACPreferencesWindowController.m; sourceTree = "<group>"; };
		024D8FD42BC1DF32005BF977 /* ACPreferencesWindowControllerProtocol.h */ = {isa = PBXFileReference; fileEncoding = 4; lastKnownFileType = sourcecode.c.h; path = ACPreferencesWindowControllerProtocol.h; sourceTree = "<group>"; };
		024D8FD82BC1E6FB005BF977 /* ACPreferencesAboutViewController.h */ = {isa = PBXFileReference; fileEncoding = 4; lastKnownFileType = sourcecode.c.h; path = ACPreferencesAboutViewController.h; sourceTree = "<group>"; };
		024D8FD92BC1E6FC005BF977 /* ACPreferencesAboutViewController.m */ = {isa = PBXFileReference; fileEncoding = 4; lastKnownFileType = sourcecode.c.objc; path = ACPreferencesAboutViewController.m; sourceTree = "<group>"; };
		024D8FDC2BC1E719005BF977 /* Base */ = {isa = PBXFileReference; lastKnownFileType = file.xib; name = Base; path = Base.lproj/ACPreferencesAboutView.xib; sourceTree = "<group>"; };
		024D8FDF2BC50D28005BF977 /* NSBundle+ACAppInfo.m */ = {isa = PBXFileReference; fileEncoding = 4; lastKnownFileType = sourcecode.c.objc; path = "NSBundle+ACAppInfo.m"; sourceTree = "<group>"; };
		024D8FE02BC50D28005BF977 /* NSBundle+ACAppInfo.h */ = {isa = PBXFileReference; fileEncoding = 4; lastKnownFileType = sourcecode.c.h; path = "NSBundle+ACAppInfo.h"; sourceTree = "<group>"; };
		024D8FE32BC51118005BF977 /* Base */ = {isa = PBXFileReference; lastKnownFileType = file.xib; name = Base; path = Base.lproj/ACCrossPromotionWindow.xib; sourceTree = "<group>"; };
		024D8FE52BC5114A005BF977 /* ACCrossPromotionWindowController.h */ = {isa = PBXFileReference; fileEncoding = 4; lastKnownFileType = sourcecode.c.h; path = ACCrossPromotionWindowController.h; sourceTree = "<group>"; };
		024D8FE62BC5114A005BF977 /* ACCrossPromotionWindowController.m */ = {isa = PBXFileReference; fileEncoding = 4; lastKnownFileType = sourcecode.c.objc; path = ACCrossPromotionWindowController.m; sourceTree = "<group>"; };
		024D8FFD2BC5E2DB005BF977 /* VPNStatus-Bridging-Header.h */ = {isa = PBXFileReference; lastKnownFileType = sourcecode.c.h; path = "VPNStatus-Bridging-Header.h"; sourceTree = "<group>"; };
		024D8FFE2BC5E2DC005BF977 /* UpdateManager.swift */ = {isa = PBXFileReference; fileEncoding = 4; lastKnownFileType = sourcecode.swift; path = UpdateManager.swift; sourceTree = "<group>"; };
		024D90002BC71157005BF977 /* GitHubRelease.swift */ = {isa = PBXFileReference; fileEncoding = 4; lastKnownFileType = sourcecode.swift; path = GitHubRelease.swift; sourceTree = "<group>"; };
		024D90062BC71C04005BF977 /* VPNStatusTests.xctest */ = {isa = PBXFileReference; explicitFileType = wrapper.cfbundle; includeInIndex = 0; path = VPNStatusTests.xctest; sourceTree = BUILT_PRODUCTS_DIR; };
		024D90082BC71C04005BF977 /* GitHubReleaseTests.swift */ = {isa = PBXFileReference; lastKnownFileType = sourcecode.swift; path = GitHubReleaseTests.swift; sourceTree = "<group>"; };
		024D903B2BC7B230005BF977 /* ACCheckForUpdateView.swift */ = {isa = PBXFileReference; fileEncoding = 4; lastKnownFileType = sourcecode.swift; path = ACCheckForUpdateView.swift; sourceTree = "<group>"; };
		024D903D2BC7B904005BF977 /* ACCheckForUpdateViewFactory.swift */ = {isa = PBXFileReference; fileEncoding = 4; lastKnownFileType = sourcecode.swift; path = ACCheckForUpdateViewFactory.swift; sourceTree = "<group>"; };
		024D90542BC9AE8F005BF977 /* Base */ = {isa = PBXFileReference; lastKnownFileType = file.xib; name = Base; path = Base.lproj/ACPreferencesIgnoredView.xib; sourceTree = "<group>"; };
		024D90562BC9AEB2005BF977 /* ACPreferencesIgnoredViewController.h */ = {isa = PBXFileReference; fileEncoding = 4; lastKnownFileType = sourcecode.c.h; path = ACPreferencesIgnoredViewController.h; sourceTree = "<group>"; };
		024D90572BC9AEB2005BF977 /* ACPreferencesIgnoredViewController.m */ = {isa = PBXFileReference; fileEncoding = 4; lastKnownFileType = sourcecode.c.objc; path = ACPreferencesIgnoredViewController.m; sourceTree = "<group>"; };
		02619DE420F7DF2200099652 /* VPNStatus.app */ = {isa = PBXFileReference; explicitFileType = wrapper.application; includeInIndex = 0; path = VPNStatus.app; sourceTree = BUILT_PRODUCTS_DIR; };
		02619DE620F7DF2200099652 /* AppDelegate.h */ = {isa = PBXFileReference; lastKnownFileType = sourcecode.c.h; path = AppDelegate.h; sourceTree = "<group>"; };
		02619DE720F7DF2200099652 /* AppDelegate.m */ = {isa = PBXFileReference; lastKnownFileType = sourcecode.c.objc; path = AppDelegate.m; sourceTree = "<group>"; };
		02619DE920F7DF2400099652 /* Assets.xcassets */ = {isa = PBXFileReference; lastKnownFileType = folder.assetcatalog; path = Assets.xcassets; sourceTree = "<group>"; };
		02619DEC20F7DF2400099652 /* Base */ = {isa = PBXFileReference; lastKnownFileType = file.xib; name = Base; path = Base.lproj/MainMenu.xib; sourceTree = "<group>"; };
		02619DEE20F7DF2400099652 /* Info.plist */ = {isa = PBXFileReference; lastKnownFileType = text.plist.xml; path = Info.plist; sourceTree = "<group>"; };
		02619DEF20F7DF2400099652 /* main.m */ = {isa = PBXFileReference; lastKnownFileType = sourcecode.c.objc; path = main.m; sourceTree = "<group>"; };
		02619DF120F7DF2400099652 /* VPNStatus.entitlements */ = {isa = PBXFileReference; lastKnownFileType = text.plist.entitlements; path = VPNStatus.entitlements; sourceTree = "<group>"; };
		02619DFC20F7F7BE00099652 /* ACPreferences.h */ = {isa = PBXFileReference; fileEncoding = 4; lastKnownFileType = sourcecode.c.h; path = ACPreferences.h; sourceTree = "<group>"; };
		02619DFD20F7F7BE00099652 /* ACPreferences.m */ = {isa = PBXFileReference; fileEncoding = 4; lastKnownFileType = sourcecode.c.objc; path = ACPreferences.m; sourceTree = "<group>"; };
		0275703A20EFFBE0002C5BF8 /* icon.icns */ = {isa = PBXFileReference; lastKnownFileType = image.icns; path = icon.icns; sourceTree = "<group>"; };
		02799F7A20F0081F00675162 /* ACDefines.h */ = {isa = PBXFileReference; fileEncoding = 4; lastKnownFileType = sourcecode.c.h; path = ACDefines.h; sourceTree = "<group>"; };
		02799F7B20F0081F00675162 /* ACNEService.h */ = {isa = PBXFileReference; fileEncoding = 4; lastKnownFileType = sourcecode.c.h; path = ACNEService.h; sourceTree = "<group>"; };
		02799F7C20F0081F00675162 /* ACNEService.m */ = {isa = PBXFileReference; fileEncoding = 4; lastKnownFileType = sourcecode.c.objc; path = ACNEService.m; sourceTree = "<group>"; };
		02799F7D20F0081F00675162 /* ACNEServicesManager.h */ = {isa = PBXFileReference; fileEncoding = 4; lastKnownFileType = sourcecode.c.h; path = ACNEServicesManager.h; sourceTree = "<group>"; };
		02799F7E20F0081F00675162 /* ACNEServicesManager.m */ = {isa = PBXFileReference; fileEncoding = 4; lastKnownFileType = sourcecode.c.objc; path = ACNEServicesManager.m; sourceTree = "<group>"; };
		028DF1142AC7FA200084A822 /* ACLocationManager.m */ = {isa = PBXFileReference; fileEncoding = 4; lastKnownFileType = sourcecode.c.objc; path = ACLocationManager.m; sourceTree = "<group>"; };
		028DF1152AC7FA200084A822 /* ACLocationManager.h */ = {isa = PBXFileReference; fileEncoding = 4; lastKnownFileType = sourcecode.c.h; path = ACLocationManager.h; sourceTree = "<group>"; };
		1ABCCAA438EEC7602AF60A0B /* ACMenuReconciler.h */ = {isa = PBXFileReference; includeInIndex = 1; lastKnownFileType = sourcecode.c.h; path = ACMenuReconciler.h; sourceTree = "<group>"; };
		2C5F52D11D22A21D82FB64DC /* VPNStatusUITests.xctest */ = {isa = PBXFileReference; explicitFileType = wrapper.cfbundle; includeInIndex = 0; path = VPNStatusUITests.xctest; sourceTree = BUILT_PRODUCTS_DIR; };
		3D3643CDC303C919DFB238EC /* Cocoa.framework */ = {isa = PBXFileReference; lastKnownFileType = wrapper.framework; name = Cocoa.framework; path = Platforms/MacOSX.platform/Developer/SDKs/MacOSX26.0.sdk/System/Library/Frameworks/Cocoa.framework; sourceTree = DEVELOPER_DIR; };
		639366C1E89A8D678ECDC707 /* ACMenuReconciler.m */ = {isa = PBXFileReference; includeInIndex = 1; lastKnownFileType = sourcecode.c.objc; path = ACMenuReconciler.m; sourceTree = "<group>"; };
		879015363EDEEB561D25CE10 /* VPNStatusMenuUITests.swift */ = {isa = PBXFileReference; includeInIndex = 1; lastKnownFileType = sourcecode.swift; path = VPNStatusMenuUITests.swift; sourceTree = "<group>"; };
		A699B7BABD7E0A3A14EA03DD /* ACMenuReconcilerTests.m */ = {isa = PBXFileReference; includeInIndex = 1; lastKnownFileType = sourcecode.c.objc; path = ACMenuReconcilerTests.m; sourceTree = "<group>"; };
		C9CBC4E527B5CDCA00D25554 /* CoreWLAN.framework */ = {isa = PBXFileReference; lastKnownFileType = wrapper.framework; name = CoreWLAN.framework; path = System/Library/Frameworks/CoreWLAN.framework; sourceTree = SDKROOT; };
		FA53907E20EF5FD600BA9AF7 /* NetworkMenusCommon.framework */ = {isa = PBXFileReference; lastKnownFileType = wrapper.framework; name = NetworkMenusCommon.framework; path = ../../../../System/Library/PrivateFrameworks/NetworkMenusCommon.framework; sourceTree = "<group>"; };
		FA53908120EF603700BA9AF7 /* AppKit.framework */ = {isa = PBXFileReference; lastKnownFileType = wrapper.framework; name = AppKit.framework; path = System/Library/Frameworks/AppKit.framework; sourceTree = SDKROOT; };
		FA53908320EF603B00BA9AF7 /* SystemConfiguration.framework */ = {isa = PBXFileReference; lastKnownFileType = wrapper.framework; name = SystemConfiguration.framework; path = System/Library/Frameworks/SystemConfiguration.framework; sourceTree = SDKROOT; };
		FA89042820EF8059008AA0BC /* NetworkExtension.framework */ = {isa = PBXFileReference; lastKnownFileType = wrapper.framework; name = NetworkExtension.framework; path = System/Library/Frameworks/NetworkExtension.framework; sourceTree = SDKROOT; };
/* End PBXFileReference section */

/* Begin PBXFrameworksBuildPhase section */
		024D90032BC71C04005BF977 /* Frameworks */ = {
			isa = PBXFrameworksBuildPhase;
			buildActionMask = 2147483647;
			files = (
			);
			runOnlyForDeploymentPostprocessing = 0;
		};
		02619DE120F7DF2200099652 /* Frameworks */ = {
			isa = PBXFrameworksBuildPhase;
			buildActionMask = 2147483647;
			files = (
				02619DFA20F7E25C00099652 /* AppKit.framework in Frameworks */,
				C9CBC4E727B5CDE000D25554 /* CoreWLAN.framework in Frameworks */,
				02619DF920F7E25700099652 /* SystemConfiguration.framework in Frameworks */,
				02619DF820F7E24C00099652 /* NetworkExtension.framework in Frameworks */,
			);
			runOnlyForDeploymentPostprocessing = 0;
		};
		A8E61ABFAEEF1F49B15B0425 /* Frameworks */ = {
			isa = PBXFrameworksBuildPhase;
			buildActionMask = 2147483647;
			files = (
				9C8CF86A31FA1E621F50082B /* Cocoa.framework in Frameworks */,
			);
			runOnlyForDeploymentPostprocessing = 0;
		};
/* End PBXFrameworksBuildPhase section */

/* Begin PBXGroup section */
		015DBFFBD47B0F1DAB57F1D2 /* VPNStatusUITests */ = {
			isa = PBXGroup;
			children = (
				879015363EDEEB561D25CE10 /* VPNStatusMenuUITests.swift */,
			);
			name = VPNStatusUITests;
			path = VPNStatusUITests;
			sourceTree = "<group>";
		};
		024D8FD52BC1DF32005BF977 /* PreferencesUI */ = {
			isa = PBXGroup;
			children = (
				024D8FE02BC50D28005BF977 /* NSBundle+ACAppInfo.h */,
				024D8FDF2BC50D28005BF977 /* NSBundle+ACAppInfo.m */,
				024D8FD42BC1DF32005BF977 /* ACPreferencesWindowControllerProtocol.h */,
				024D8FD22BC1DF32005BF977 /* ACPreferencesWindowController.h */,
				024D8FD32BC1DF32005BF977 /* ACPreferencesWindowController.m */,
				024D8FD02BC1DF32005BF977 /* ACPreferencesGeneralViewController.h */,
				024D8FD12BC1DF32005BF977 /* ACPreferencesGeneralViewController.m */,
				024D8FD82BC1E6FB005BF977 /* ACPreferencesAboutViewController.h */,
				024D8FD92BC1E6FC005BF977 /* ACPreferencesAboutViewController.m */,
				024D90562BC9AEB2005BF977 /* ACPreferencesIgnoredViewController.h */,
				024D90572BC9AEB2005BF977 /* ACPreferencesIgnoredViewController.m */,
			);
			path = PreferencesUI;
			sourceTree = "<group>";
		};
		024D8FE72BC5114A005BF977 /* CrossPromotion */ = {
			isa = PBXGroup;
			children = (
				024D8FE52BC5114A005BF977 /* ACCrossPromotionWindowController.h */,
				024D8FE62BC5114A005BF977 /* ACCrossPromotionWindowController.m */,
			);
			path = CrossPromotion;
			sourceTree = "<group>";
		};
		024D8FEA2BC5DF31005BF977 /* CheckForUpdate */ = {
			isa = PBXGroup;
			children = (
				024D8FFE2BC5E2DC005BF977 /* UpdateManager.swift */,
				024D90002BC71157005BF977 /* GitHubRelease.swift */,
				024D903B2BC7B230005BF977 /* ACCheckForUpdateView.swift */,
				024D903D2BC7B904005BF977 /* ACCheckForUpdateViewFactory.swift */,
			);
			path = CheckForUpdate;
			sourceTree = "<group>";
		};
		024D90072BC71C04005BF977 /* VPNStatusTests */ = {
			isa = PBXGroup;
			children = (
				024D90082BC71C04005BF977 /* GitHubReleaseTests.swift */,
				A699B7BABD7E0A3A14EA03DD /* ACMenuReconcilerTests.m */,
			);
			path = VPNStatusTests;
			sourceTree = "<group>";
		};
		02619DE520F7DF2200099652 /* VPNStatus */ = {
			isa = PBXGroup;
			children = (
				024D8FFD2BC5E2DB005BF977 /* VPNStatus-Bridging-Header.h */,
				02619DE620F7DF2200099652 /* AppDelegate.h */,
				02619DE720F7DF2200099652 /* AppDelegate.m */,
				024D8FEA2BC5DF31005BF977 /* CheckForUpdate */,
				024D8FE72BC5114A005BF977 /* CrossPromotion */,
				024D8FD52BC1DF32005BF977 /* PreferencesUI */,
				02619DE920F7DF2400099652 /* Assets.xcassets */,
				02619DEB20F7DF2400099652 /* MainMenu.xib */,
				024D8FE22BC51118005BF977 /* ACCrossPromotionWindow.xib */,
				024D8FCA2BC1DE38005BF977 /* ACPreferencesGeneralView.xib */,
				024D8FDB2BC1E719005BF977 /* ACPreferencesAboutView.xib */,
				024D90532BC9AE8F005BF977 /* ACPreferencesIgnoredView.xib */,
				024D8FCC2BC1DE38005BF977 /* ACPreferencesWindow.xib */,
				02619DEE20F7DF2400099652 /* Info.plist */,
				02619DEF20F7DF2400099652 /* main.m */,
				02619DF120F7DF2400099652 /* VPNStatus.entitlements */,
				0275703A20EFFBE0002C5BF8 /* icon.icns */,
			);
			path = VPNStatus;
			sourceTree = "<group>";
		};
		02799F7920F0081F00675162 /* Common */ = {
			isa = PBXGroup;
			children = (
				02799F7A20F0081F00675162 /* ACDefines.h */,
				02799F7B20F0081F00675162 /* ACNEService.h */,
				02799F7C20F0081F00675162 /* ACNEService.m */,
				02799F7D20F0081F00675162 /* ACNEServicesManager.h */,
				02799F7E20F0081F00675162 /* ACNEServicesManager.m */,
				02619DFC20F7F7BE00099652 /* ACPreferences.h */,
				02619DFD20F7F7BE00099652 /* ACPreferences.m */,
				0231297920F9F8CE003F7540 /* ACConnectionManager.h */,
				0231297A20F9F8CE003F7540 /* ACConnectionManager.m */,
				028DF1152AC7FA200084A822 /* ACLocationManager.h */,
				028DF1142AC7FA200084A822 /* ACLocationManager.m */,
				1ABCCAA438EEC7602AF60A0B /* ACMenuReconciler.h */,
				639366C1E89A8D678ECDC707 /* ACMenuReconciler.m */,
			);
			path = Common;
			sourceTree = "<group>";
		};
		42782EB4A2457CA960557A0B /* OS X */ = {
			isa = PBXGroup;
			children = (
				3D3643CDC303C919DFB238EC /* Cocoa.framework */,
			);
			name = "OS X";
			sourceTree = "<group>";
		};
		FA53905F20EF5F7F00BA9AF7 = {
			isa = PBXGroup;
			children = (
				02799F7920F0081F00675162 /* Common */,
				02619DE520F7DF2200099652 /* VPNStatus */,
				024D90072BC71C04005BF977 /* VPNStatusTests */,
				FA53906920EF5F7F00BA9AF7 /* Products */,
				FA53907D20EF5FD500BA9AF7 /* Frameworks */,
				015DBFFBD47B0F1DAB57F1D2 /* VPNStatusUITests */,
			);
			sourceTree = "<group>";
		};
		FA53906920EF5F7F00BA9AF7 /* Products */ = {
			isa = PBXGroup;
			children = (
				02619DE420F7DF2200099652 /* VPNStatus.app */,
				024D90062BC71C04005BF977 /* VPNStatusTests.xctest */,
				2C5F52D11D22A21D82FB64DC /* VPNStatusUITests.xctest */,
			);
			name = Products;
			sourceTree = "<group>";
		};
		FA53907D20EF5FD500BA9AF7 /* Frameworks */ = {
			isa = PBXGroup;
			children = (
				C9CBC4E527B5CDCA00D25554 /* CoreWLAN.framework */,
				FA89042820EF8059008AA0BC /* NetworkExtension.framework */,
				FA53908320EF603B00BA9AF7 /* SystemConfiguration.framework */,
				FA53908120EF603700BA9AF7 /* AppKit.framework */,
				FA53907E20EF5FD600BA9AF7 /* NetworkMenusCommon.framework */,
				42782EB4A2457CA960557A0B /* OS X */,
			);
			name = Frameworks;
			sourceTree = "<group>";
		};
/* End PBXGroup section */

/* Begin PBXNativeTarget section */
		024D90052BC71C04005BF977 /* VPNStatusTests */ = {
			isa = PBXNativeTarget;
			buildConfigurationList = 024D900C2BC71C04005BF977 /* Build configuration list for PBXNativeTarget "VPNStatusTests" */;
			buildPhases = (
				024D90022BC71C04005BF977 /* Sources */,
				024D90032BC71C04005BF977 /* Frameworks */,
				024D90042BC71C04005BF977 /* Resources */,
			);
			buildRules = (
			);
			dependencies = (
				024D900B2BC71C04005BF977 /* PBXTargetDependency */,
			);
			name = VPNStatusTests;
			productName = VPNStatusTests;
			productReference = 024D90062BC71C04005BF977 /* VPNStatusTests.xctest */;
			productType = "com.apple.product-type.bundle.unit-test";
		};
		02619DE320F7DF2200099652 /* VPNStatus */ = {
			isa = PBXNativeTarget;
			buildConfigurationList = 02619DF420F7DF2400099652 /* Build configuration list for PBXNativeTarget "VPNStatus" */;
			buildPhases = (
				02619DE020F7DF2200099652 /* Sources */,
				02619DE120F7DF2200099652 /* Frameworks */,
				02619DE220F7DF2200099652 /* Resources */,
			);
			buildRules = (
			);
			dependencies = (
			);
			name = VPNStatus;
			productName = VPNStatus;
			productReference = 02619DE420F7DF2200099652 /* VPNStatus.app */;
			productType = "com.apple.product-type.application";
		};
		142FC8EA8426FC194746F4AB /* VPNStatusUITests */ = {
			isa = PBXNativeTarget;
			buildConfigurationList = B38B9BB56C46F33986AF08CE /* Build configuration list for PBXNativeTarget "VPNStatusUITests" */;
			buildPhases = (
				032639C21953989B4110F337 /* Sources */,
				A8E61ABFAEEF1F49B15B0425 /* Frameworks */,
				C7F5F96FD94ED6B138CD69B6 /* Resources */,
			);
			buildRules = (
			);
			dependencies = (
				187F6D41EC655AE4BFF96E99 /* PBXTargetDependency */,
			);
			name = VPNStatusUITests;
			productName = VPNStatusUITests;
			productReference = 2C5F52D11D22A21D82FB64DC /* VPNStatusUITests.xctest */;
			productType = "com.apple.product-type.bundle.ui-testing";
		};
/* End PBXNativeTarget section */

/* Begin PBXProject section */
		FA53906020EF5F7F00BA9AF7 /* Project object */ = {
			isa = PBXProject;
			attributes = {
				BuildIndependentTargetsInParallel = YES;
				LastSwiftUpdateCheck = 1530;
				LastUpgradeCheck = 1530;
				ORGANIZATIONNAME = Timac;
				TargetAttributes = {
					024D90052BC71C04005BF977 = {
						CreatedOnToolsVersion = 15.3;
						TestTargetID = 02619DE320F7DF2200099652;
					};
					02619DE320F7DF2200099652 = {
						CreatedOnToolsVersion = 9.4.1;
						LastSwiftMigration = 1530;
						SystemCapabilities = {
							com.apple.Sandbox = {
								enabled = 0;
							};
						};
					};
				};
			};
			buildConfigurationList = FA53906320EF5F7F00BA9AF7 /* Build configuration list for PBXProject "VPN" */;
			compatibilityVersion = "Xcode 9.3";
			developmentRegion = en;
			hasScannedForEncodings = 0;
			knownRegions = (
				en,
				Base,
			);
			mainGroup = FA53905F20EF5F7F00BA9AF7;
			productRefGroup = FA53906920EF5F7F00BA9AF7 /* Products */;
			projectDirPath = "";
			projectRoot = "";
			targets = (
				02619DE320F7DF2200099652 /* VPNStatus */,
				024D90052BC71C04005BF977 /* VPNStatusTests */,
				142FC8EA8426FC194746F4AB /* VPNStatusUITests */,
			);
		};
/* End PBXProject section */

/* Begin PBXResourcesBuildPhase section */
		024D90042BC71C04005BF977 /* Resources */ = {
			isa = PBXResourcesBuildPhase;
			buildActionMask = 2147483647;
			files = (
			);
			runOnlyForDeploymentPostprocessing = 0;
		};
		02619DE220F7DF2200099652 /* Resources */ = {
			isa = PBXResourcesBuildPhase;
			buildActionMask = 2147483647;
			files = (
				024D90552BC9AE8F005BF977 /* ACPreferencesIgnoredView.xib in Resources */,
				024D8FE42BC51118005BF977 /* ACCrossPromotionWindow.xib in Resources */,
				024D8FCE2BC1DE38005BF977 /* ACPreferencesGeneralView.xib in Resources */,
				024D8FCF2BC1DE38005BF977 /* ACPreferencesWindow.xib in Resources */,
				02619DEA20F7DF2400099652 /* Assets.xcassets in Resources */,
				02619DED20F7DF2400099652 /* MainMenu.xib in Resources */,
				02619DFB20F7E26E00099652 /* icon.icns in Resources */,
				024D8FDD2BC1E719005BF977 /* ACPreferencesAboutView.xib in Resources */,
			);
			runOnlyForDeploymentPostprocessing = 0;
		};
		C7F5F96FD94ED6B138CD69B6 /* Resources */ = {
			isa = PBXResourcesBuildPhase;
			buildActionMask = 2147483647;
			files = (
			);
			runOnlyForDeploymentPostprocessing = 0;
		};
/* End PBXResourcesBuildPhase section */

/* Begin PBXSourcesBuildPhase section */
		024D90022BC71C04005BF977 /* Sources */ = {
			isa = PBXSourcesBuildPhase;
			buildActionMask = 2147483647;
			files = (
				024D90112BC71EA4005BF977 /* GitHubRelease.swift in Sources */,
				024D90092BC71C04005BF977 /* GitHubReleaseTests.swift in Sources */,
				DB452101CBF912CD9BB9CCC0 /* ACMenuReconciler.m in Sources */,
				D2B14E39BBC6C4B38DEE2C06 /* ACMenuReconcilerTests.m in Sources */,
			);
			runOnlyForDeploymentPostprocessing = 0;
		};
		02619DE020F7DF2200099652 /* Sources */ = {
			isa = PBXSourcesBuildPhase;
			buildActionMask = 2147483647;
			files = (
				02619DF020F7DF2400099652 /* main.m in Sources */,
				02619DE820F7DF2200099652 /* AppDelegate.m in Sources */,
				024D8FE12BC50D28005BF977 /* NSBundle+ACAppInfo.m in Sources */,
				024D8FD62BC1DF32005BF977 /* ACPreferencesGeneralViewController.m in Sources */,
				024D8FFF2BC5E2DC005BF977 /* UpdateManager.swift in Sources */,
				024D8FE82BC5114A005BF977 /* ACCrossPromotionWindowController.m in Sources */,
				024D8FDA2BC1E6FC005BF977 /* ACPreferencesAboutViewController.m in Sources */,
				024D8FD72BC1DF32005BF977 /* ACPreferencesWindowController.m in Sources */,
				024D90122BC72567005BF977 /* GitHubRelease.swift in Sources */,
				02619DF720F7E23800099652 /* ACNEServicesManager.m in Sources */,
				024D903E2BC7B904005BF977 /* ACCheckForUpdateViewFactory.swift in Sources */,
				02619DF620F7E23600099652 /* ACNEService.m in Sources */,
				024D903C2BC7B230005BF977 /* ACCheckForUpdateView.swift in Sources */,
				02619DFF20F7F7BF00099652 /* ACPreferences.m in Sources */,
				028DF1172AC7FA200084A822 /* ACLocationManager.m in Sources */,
				0231297C20F9F8CF003F7540 /* ACConnectionManager.m in Sources */,
				024D90582BC9AEB2005BF977 /* ACPreferencesIgnoredViewController.m in Sources */,
				A064771077363698F4A97525 /* ACMenuReconciler.m in Sources */,
			);
			runOnlyForDeploymentPostprocessing = 0;
		};
		032639C21953989B4110F337 /* Sources */ = {
			isa = PBXSourcesBuildPhase;
			buildActionMask = 2147483647;
			files = (
				1CB38E6E9955E64DB21BDF46 /* VPNStatusMenuUITests.swift in Sources */,
			);
			runOnlyForDeploymentPostprocessing = 0;
		};
/* End PBXSourcesBuildPhase section */

/* Begin PBXTargetDependency section */
		024D900B2BC71C04005BF977 /* PBXTargetDependency */ = {
			isa = PBXTargetDependency;
			name = VPNStatus;
			target = 02619DE320F7DF2200099652 /* VPNStatus */;
			targetProxy = 024D900A2BC71C04005BF977 /* PBXContainerItemProxy */;
		};
		187F6D41EC655AE4BFF96E99 /* PBXTargetDependency */ = {
			isa = PBXTargetDependency;
			name = VPNStatus;
			target = 02619DE320F7DF2200099652 /* VPNStatus */;
			targetProxy = 8F942A5CFF7A5318EDFDD728 /* PBXContainerItemProxy */;
		};
/* End PBXTargetDependency section */

/* Begin PBXVariantGroup section */
		024D8FCA2BC1DE38005BF977 /* ACPreferencesGeneralView.xib */ = {
			isa = PBXVariantGroup;
			children = (
				024D8FCB2BC1DE38005BF977 /* Base */,
			);
			name = ACPreferencesGeneralView.xib;
			sourceTree = "<group>";
		};
		024D8FCC2BC1DE38005BF977 /* ACPreferencesWindow.xib */ = {
			isa = PBXVariantGroup;
			children = (
				024D8FCD2BC1DE38005BF977 /* Base */,
			);
			name = ACPreferencesWindow.xib;
			sourceTree = "<group>";
		};
		024D8FDB2BC1E719005BF977 /* ACPreferencesAboutView.xib */ = {
			isa = PBXVariantGroup;
			children = (
				024D8FDC2BC1E719005BF977 /* Base */,
			);
			name = ACPreferencesAboutView.xib;
			sourceTree = "<group>";
		};
		024D8FE22BC51118005BF977 /* ACCrossPromotionWindow.xib */ = {
			isa = PBXVariantGroup;
			children = (
				024D8FE32BC51118005BF977 /* Base */,
			);
			name = ACCrossPromotionWindow.xib;
			sourceTree = "<group>";
		};
		024D90532BC9AE8F005BF977 /* ACPreferencesIgnoredView.xib */ = {
			isa = PBXVariantGroup;
			children = (
				024D90542BC9AE8F005BF977 /* Base */,
			);
			name = ACPreferencesIgnoredView.xib;
			sourceTree = "<group>";
		};
		02619DEB20F7DF2400099652 /* MainMenu.xib */ = {
			isa = PBXVariantGroup;
			children = (
				02619DEC20F7DF2400099652 /* Base */,
			);
			name = MainMenu.xib;
			sourceTree = "<group>";
		};
/* End PBXVariantGroup section */

/* Begin XCBuildConfiguration section */
		024D900D2BC71C04005BF977 /* Debug */ = {
			isa = XCBuildConfiguration;
			buildSettings = {
				ALWAYS_SEARCH_USER_PATHS = NO;
				ASSETCATALOG_COMPILER_GENERATE_SWIFT_ASSET_SYMBOL_EXTENSIONS = YES;
				BUNDLE_LOADER = "$(TEST_HOST)";
				CLANG_CXX_LANGUAGE_STANDARD = "gnu++20";
				CODE_SIGN_IDENTITY = "Apple Development";
				CODE_SIGN_STYLE = Automatic;
				CURRENT_PROJECT_VERSION = 1;
				DEVELOPMENT_TEAM = QFL3YR6JR6;
				GCC_C_LANGUAGE_STANDARD = gnu17;
				GENERATE_INFOPLIST_FILE = YES;
				HEADER_SEARCH_PATHS = (
					"$(inherited)",
					"$(SRCROOT)/Common",
				);
				LOCALIZATION_PREFERS_STRING_CATALOGS = YES;
				MACOSX_DEPLOYMENT_TARGET = 12.0;
				MARKETING_VERSION = 1.0;
				MTL_FAST_MATH = YES;
				PRODUCT_BUNDLE_IDENTIFIER = org.timac.VPNStatusTests;
				PRODUCT_NAME = "$(TARGET_NAME)";
				SWIFT_ACTIVE_COMPILATION_CONDITIONS = "DEBUG $(inherited)";
				SWIFT_EMIT_LOC_STRINGS = NO;
				SWIFT_OPTIMIZATION_LEVEL = "-Onone";
				SWIFT_VERSION = 5.0;
				TEST_HOST = "$(BUILT_PRODUCTS_DIR)/VPNStatus.app/$(BUNDLE_EXECUTABLE_FOLDER_PATH)/VPNStatus";
			};
			name = Debug;
		};
		024D900E2BC71C04005BF977 /* Release */ = {
			isa = XCBuildConfiguration;
			buildSettings = {
				ALWAYS_SEARCH_USER_PATHS = NO;
				ASSETCATALOG_COMPILER_GENERATE_SWIFT_ASSET_SYMBOL_EXTENSIONS = YES;
				BUNDLE_LOADER = "$(TEST_HOST)";
				CLANG_CXX_LANGUAGE_STANDARD = "gnu++20";
				CODE_SIGN_IDENTITY = "Apple Development";
				CODE_SIGN_STYLE = Automatic;
				CURRENT_PROJECT_VERSION = 1;
				DEVELOPMENT_TEAM = QFL3YR6JR6;
				GCC_C_LANGUAGE_STANDARD = gnu17;
				GENERATE_INFOPLIST_FILE = YES;
				HEADER_SEARCH_PATHS = (
					"$(inherited)",
					"$(SRCROOT)/Common",
				);
				LOCALIZATION_PREFERS_STRING_CATALOGS = YES;
				MACOSX_DEPLOYMENT_TARGET = 12.0;
				MARKETING_VERSION = 1.0;
				MTL_FAST_MATH = YES;
				PRODUCT_BUNDLE_IDENTIFIER = org.timac.VPNStatusTests;
				PRODUCT_NAME = "$(TARGET_NAME)";
				SWIFT_COMPILATION_MODE = wholemodule;
				SWIFT_EMIT_LOC_STRINGS = NO;
				SWIFT_VERSION = 5.0;
				TEST_HOST = "$(BUILT_PRODUCTS_DIR)/VPNStatus.app/$(BUNDLE_EXECUTABLE_FOLDER_PATH)/VPNStatus";
			};
			name = Release;
		};
		02619DF220F7DF2400099652 /* Debug */ = {
			isa = XCBuildConfiguration;
			buildSettings = {
				ASSETCATALOG_COMPILER_APPICON_NAME = AppIcon;
				CLANG_ENABLE_MODULES = YES;
				CODE_SIGN_ENTITLEMENTS = VPNStatus/VPNStatus.entitlements;
				CODE_SIGN_IDENTITY = "Apple Development";
				CODE_SIGN_STYLE = Automatic;
				COMBINE_HIDPI_IMAGES = YES;
				CURRENT_PROJECT_VERSION = 310;
				DEAD_CODE_STRIPPING = YES;
				DEVELOPMENT_TEAM = QFL3YR6JR6;
				ENABLE_HARDENED_RUNTIME = YES;
				INFOPLIST_FILE = VPNStatus/Info.plist;
				INFOPLIST_KEY_LSApplicationCategoryType = "public.app-category.utilities";
				LD_RUNPATH_SEARCH_PATHS = (
					"$(inherited)",
					"@executable_path/../Frameworks",
				);
				MACOSX_DEPLOYMENT_TARGET = 12.0;
				MARKETING_VERSION = 3.1;
				MTL_ENABLE_DEBUG_INFO = YES;
				PRODUCT_BUNDLE_IDENTIFIER = org.timac.VPNStatus;
				PRODUCT_NAME = "$(TARGET_NAME)";
				PROVISIONING_PROFILE_SPECIFIER = "";
				SWIFT_OBJC_BRIDGING_HEADER = "VPNStatus/VPNStatus-Bridging-Header.h";
				SWIFT_OPTIMIZATION_LEVEL = "-Onone";
				SWIFT_VERSION = 5.0;
			};
			name = Debug;
		};
		02619DF320F7DF2400099652 /* Release */ = {
			isa = XCBuildConfiguration;
			buildSettings = {
				ASSETCATALOG_COMPILER_APPICON_NAME = AppIcon;
				CLANG_ENABLE_MODULES = YES;
				CODE_SIGN_ENTITLEMENTS = VPNStatus/VPNStatus.entitlements;
				CODE_SIGN_IDENTITY = "Apple Development";
				CODE_SIGN_STYLE = Automatic;
				COMBINE_HIDPI_IMAGES = YES;
				CURRENT_PROJECT_VERSION = 310;
				DEAD_CODE_STRIPPING = YES;
				DEVELOPMENT_TEAM = QFL3YR6JR6;
				ENABLE_HARDENED_RUNTIME = YES;
				INFOPLIST_FILE = VPNStatus/Info.plist;
				INFOPLIST_KEY_LSApplicationCategoryType = "public.app-category.utilities";
				LD_RUNPATH_SEARCH_PATHS = (
					"$(inherited)",
					"@executable_path/../Frameworks",
				);
				MACOSX_DEPLOYMENT_TARGET = 12.0;
				MARKETING_VERSION = 3.1;
				PRODUCT_BUNDLE_IDENTIFIER = org.timac.VPNStatus;
				PRODUCT_NAME = "$(TARGET_NAME)";
				PROVISIONING_PROFILE_SPECIFIER = "";
				SWIFT_OBJC_BRIDGING_HEADER = "VPNStatus/VPNStatus-Bridging-Header.h";
				SWIFT_VERSION = 5.0;
			};
			name = Release;
		};
		55C9C91DF0D948BC306E3907 /* Release */ = {
			isa = XCBuildConfiguration;
			buildSettings = {
				CODE_SIGNING_ALLOWED = YES;
				CODE_SIGN_IDENTITY = "-";
				CODE_SIGN_STYLE = Manual;
				DEVELOPMENT_TEAM = "";
				GENERATE_INFOPLIST_FILE = YES;
				MACOSX_DEPLOYMENT_TARGET = 12.0;
				PRODUCT_BUNDLE_IDENTIFIER = org.timac.VPNStatusUITests;
				PRODUCT_MODULE_NAME = VPNStatusUITests;
				PRODUCT_NAME = "$(TARGET_NAME)";
				SDKROOT = macosx;
				SWIFT_EMIT_LOC_STRINGS = NO;
				SWIFT_VERSION = 5.0;
				TEST_TARGET_NAME = VPNStatus;
			};
			name = Release;
		};
		FA53907720EF5F8000BA9AF7 /* Debug */ = {
			isa = XCBuildConfiguration;
			buildSettings = {
				ASSETCATALOG_COMPILER_GENERATE_SWIFT_ASSET_SYMBOL_EXTENSIONS = YES;
				CLANG_ANALYZER_NONNULL = YES;
				CLANG_ANALYZER_NUMBER_OBJECT_CONVERSION = YES_AGGRESSIVE;
				CLANG_CXX_LANGUAGE_STANDARD = "gnu++14";
				CLANG_CXX_LIBRARY = "libc++";
				CLANG_ENABLE_MODULES = YES;
				CLANG_ENABLE_OBJC_ARC = YES;
				CLANG_ENABLE_OBJC_WEAK = YES;
				CLANG_WARN_BLOCK_CAPTURE_AUTORELEASING = YES;
				CLANG_WARN_BOOL_CONVERSION = YES;
				CLANG_WARN_COMMA = YES;
				CLANG_WARN_CONSTANT_CONVERSION = YES;
				CLANG_WARN_DEPRECATED_OBJC_IMPLEMENTATIONS = YES;
				CLANG_WARN_DIRECT_OBJC_ISA_USAGE = YES_ERROR;
				CLANG_WARN_DOCUMENTATION_COMMENTS = YES;
				CLANG_WARN_EMPTY_BODY = YES;
				CLANG_WARN_ENUM_CONVERSION = YES;
				CLANG_WARN_INFINITE_RECURSION = YES;
				CLANG_WARN_INT_CONVERSION = YES;
				CLANG_WARN_NON_LITERAL_NULL_CONVERSION = YES;
				CLANG_WARN_OBJC_IMPLICIT_RETAIN_SELF = YES;
				CLANG_WARN_OBJC_LITERAL_CONVERSION = YES;
				CLANG_WARN_OBJC_ROOT_CLASS = YES_ERROR;
				CLANG_WARN_QUOTED_INCLUDE_IN_FRAMEWORK_HEADER = YES;
				CLANG_WARN_RANGE_LOOP_ANALYSIS = YES;
				CLANG_WARN_STRICT_PROTOTYPES = YES;
				CLANG_WARN_SUSPICIOUS_MOVE = YES;
				CLANG_WARN_UNGUARDED_AVAILABILITY = YES_AGGRESSIVE;
				CLANG_WARN_UNREACHABLE_CODE = YES;
				CLANG_WARN__DUPLICATE_METHOD_MATCH = YES;
				CODE_SIGN_IDENTITY = "";
				COPY_PHASE_STRIP = NO;
				DEAD_CODE_STRIPPING = YES;
				DEBUG_INFORMATION_FORMAT = dwarf;
				ENABLE_STRICT_OBJC_MSGSEND = YES;
				ENABLE_TESTABILITY = YES;
				ENABLE_USER_SCRIPT_SANDBOXING = YES;
				GCC_C_LANGUAGE_STANDARD = gnu11;
				GCC_DYNAMIC_NO_PIC = NO;
				GCC_NO_COMMON_BLOCKS = YES;
				GCC_OPTIMIZATION_LEVEL = 0;
				GCC_PREPROCESSOR_DEFINITIONS = (
					"DEBUG=1",
					"$(inherited)",
				);
				GCC_WARN_64_TO_32_BIT_CONVERSION = YES;
				GCC_WARN_ABOUT_RETURN_TYPE = YES_ERROR;
				GCC_WARN_UNDECLARED_SELECTOR = YES;
				GCC_WARN_UNINITIALIZED_AUTOS = YES_AGGRESSIVE;
				GCC_WARN_UNUSED_FUNCTION = YES;
				GCC_WARN_UNUSED_VARIABLE = YES;
				MACOSX_DEPLOYMENT_TARGET = 12.0;
				MTL_ENABLE_DEBUG_INFO = INCLUDE_SOURCE;
				ONLY_ACTIVE_ARCH = YES;
				SDKROOT = macosx;
			};
			name = Debug;
		};
		FA53907820EF5F8000BA9AF7 /* Release */ = {
			isa = XCBuildConfiguration;
			buildSettings = {
				ASSETCATALOG_COMPILER_GENERATE_SWIFT_ASSET_SYMBOL_EXTENSIONS = YES;
				CLANG_ANALYZER_NONNULL = YES;
				CLANG_ANALYZER_NUMBER_OBJECT_CONVERSION = YES_AGGRESSIVE;
				CLANG_CXX_LANGUAGE_STANDARD = "gnu++14";
				CLANG_CXX_LIBRARY = "libc++";
				CLANG_ENABLE_MODULES = YES;
				CLANG_ENABLE_OBJC_ARC = YES;
				CLANG_ENABLE_OBJC_WEAK = YES;
				CLANG_WARN_BLOCK_CAPTURE_AUTORELEASING = YES;
				CLANG_WARN_BOOL_CONVERSION = YES;
				CLANG_WARN_COMMA = YES;
				CLANG_WARN_CONSTANT_CONVERSION = YES;
				CLANG_WARN_DEPRECATED_OBJC_IMPLEMENTATIONS = YES;
				CLANG_WARN_DIRECT_OBJC_ISA_USAGE = YES_ERROR;
				CLANG_WARN_DOCUMENTATION_COMMENTS = YES;
				CLANG_WARN_EMPTY_BODY = YES;
				CLANG_WARN_ENUM_CONVERSION = YES;
				CLANG_WARN_INFINITE_RECURSION = YES;
				CLANG_WARN_INT_CONVERSION = YES;
				CLANG_WARN_NON_LITERAL_NULL_CONVERSION = YES;
				CLANG_WARN_OBJC_IMPLICIT_RETAIN_SELF = YES;
				CLANG_WARN_OBJC_LITERAL_CONVERSION = YES;
				CLANG_WARN_OBJC_ROOT_CLASS = YES_ERROR;
				CLANG_WARN_QUOTED_INCLUDE_IN_FRAMEWORK_HEADER = YES;
				CLANG_WARN_RANGE_LOOP_ANALYSIS = YES;
				CLANG_WARN_STRICT_PROTOTYPES = YES;
				CLANG_WARN_SUSPICIOUS_MOVE = YES;
				CLANG_WARN_UNGUARDED_AVAILABILITY = YES_AGGRESSIVE;
				CLANG_WARN_UNREACHABLE_CODE = YES;
				CLANG_WARN__DUPLICATE_METHOD_MATCH = YES;
				CODE_SIGN_IDENTITY = "";
				COPY_PHASE_STRIP = NO;
				DEAD_CODE_STRIPPING = YES;
				DEBUG_INFORMATION_FORMAT = "dwarf-with-dsym";
				ENABLE_NS_ASSERTIONS = NO;
				ENABLE_STRICT_OBJC_MSGSEND = YES;
				ENABLE_USER_SCRIPT_SANDBOXING = YES;
				GCC_C_LANGUAGE_STANDARD = gnu11;
				GCC_NO_COMMON_BLOCKS = YES;
				GCC_WARN_64_TO_32_BIT_CONVERSION = YES;
				GCC_WARN_ABOUT_RETURN_TYPE = YES_ERROR;
				GCC_WARN_UNDECLARED_SELECTOR = YES;
				GCC_WARN_UNINITIALIZED_AUTOS = YES_AGGRESSIVE;
				GCC_WARN_UNUSED_FUNCTION = YES;
				GCC_WARN_UNUSED_VARIABLE = YES;
				MACOSX_DEPLOYMENT_TARGET = 12.0;
				MTL_ENABLE_DEBUG_INFO = NO;
				SDKROOT = macosx;
				SWIFT_COMPILATION_MODE = wholemodule;
			};
			name = Release;
		};
		FD11BF214825A689BFB0C432 /* Debug */ = {
			isa = XCBuildConfiguration;
			buildSettings = {
				CODE_SIGNING_ALLOWED = YES;
				CODE_SIGN_IDENTITY = "-";
				CODE_SIGN_STYLE = Manual;
				DEVELOPMENT_TEAM = "";
				GENERATE_INFOPLIST_FILE = YES;
				MACOSX_DEPLOYMENT_TARGET = 12.0;
				PRODUCT_BUNDLE_IDENTIFIER = org.timac.VPNStatusUITests;
				PRODUCT_MODULE_NAME = VPNStatusUITests;
				PRODUCT_NAME = "$(TARGET_NAME)";
				SDKROOT = macosx;
				SWIFT_EMIT_LOC_STRINGS = NO;
				SWIFT_VERSION = 5.0;
				TEST_TARGET_NAME = VPNStatus;
			};
			name = Debug;
		};
/* End XCBuildConfiguration section */

/* Begin XCConfigurationList section */
		024D900C2BC71C04005BF977 /* Build configuration list for PBXNativeTarget "VPNStatusTests" */ = {
			isa = XCConfigurationList;
			buildConfigurations = (
				024D900D2BC71C04005BF977 /* Debug */,
				024D900E2BC71C04005BF977 /* Release */,
			);
			defaultConfigurationIsVisible = 0;
			defaultConfigurationName = Release;
		};
		02619DF420F7DF2400099652 /* Build configuration list for PBXNativeTarget "VPNStatus" */ = {
			isa = XCConfigurationList;
			buildConfigurations = (
				02619DF220F7DF2400099652 /* Debug */,
				02619DF320F7DF2400099652 /* Release */,
			);
			defaultConfigurationIsVisible = 0;
			defaultConfigurationName = Release;
		};
		B38B9BB56C46F33986AF08CE /* Build configuration list for PBXNativeTarget "VPNStatusUITests" */ = {
			isa = XCConfigurationList;
			buildConfigurations = (
				55C9C91DF0D948BC306E3907 /* Release */,
				FD11BF214825A689BFB0C432 /* Debug */,
			);
			defaultConfigurationIsVisible = 0;
			defaultConfigurationName = Release;
		};
		FA53906320EF5F7F00BA9AF7 /* Build configuration list for PBXProject "VPN" */ = {
			isa = XCConfigurationList;
			buildConfigurations = (
				FA53907720EF5F8000BA9AF7 /* Debug */,
				FA53907820EF5F8000BA9AF7 /* Release */,
			);
			defaultConfigurationIsVisible = 0;
			defaultConfigurationName = Release;
		};
/* End XCConfigurationList section */
	};
	rootObject = FA53906020EF5F7F00BA9AF7 /* Project object */;
}
